
Microsoft Visual Studio Solution File, Format Version 12.00
# Visual Studio Version 17
VisualStudioVersion = 17.2.32519.379
MinimumVisualStudioVersion = 10.0.40219.1
Project("{FAE04EC0-301F-11D3-BF4B-00C04F79EFBC}") = "RiseTech.Web.UI", "RiseTech\RiseTech.Web.UI.csproj", "{952F3C1E-6EED-4809-BD39-406C391192B6}"
EndProject
Project("{FAE04EC0-301F-11D3-BF4B-00C04F79EFBC}") = "RiseTech.Contact.Api", "RiseTech.Contact.Api\RiseTech.Contact.Api.csproj", "{CCABF71A-F075-4F3F-A15D-D625F1AC2F2E}"
EndProject
Project("{FAE04EC0-301F-11D3-BF4B-00C04F79EFBC}") = "RiseTech.Report.Api", "RiseTech.Report.Api\RiseTech.Report.Api.csproj", "{005F93EA-2241-490A-9636-7C0F9A09CE4A}"
EndProject
Global
	GlobalSection(SolutionConfigurationPlatforms) = preSolution
		Debug|Any CPU = Debug|Any CPU
		Release|Any CPU = Release|Any CPU
	EndGlobalSection
	GlobalSection(ProjectConfigurationPlatforms) = postSolution
		{952F3C1E-6EED-4809-BD39-406C391192B6}.Debug|Any CPU.ActiveCfg = Debug|Any CPU
		{952F3C1E-6EED-4809-BD39-406C391192B6}.Debug|Any CPU.Build.0 = Debug|Any CPU
		{952F3C1E-6EED-4809-BD39-406C391192B6}.Release|Any CPU.ActiveCfg = Release|Any CPU
		{952F3C1E-6EED-4809-BD39-406C391192B6}.Release|Any CPU.Build.0 = Release|Any CPU
		{CCABF71A-F075-4F3F-A15D-D625F1AC2F2E}.Debug|Any CPU.ActiveCfg = Debug|Any CPU
		{CCABF71A-F075-4F3F-A15D-D625F1AC2F2E}.Debug|Any CPU.Build.0 = Debug|Any CPU
		{CCABF71A-F075-4F3F-A15D-D625F1AC2F2E}.Release|Any CPU.ActiveCfg = Release|Any CPU
		{CCABF71A-F075-4F3F-A15D-D625F1AC2F2E}.Release|Any CPU.Build.0 = Release|Any CPU
		{005F93EA-2241-490A-9636-7C0F9A09CE4A}.Debug|Any CPU.ActiveCfg = Debug|Any CPU
		{005F93EA-2241-490A-9636-7C0F9A09CE4A}.Debug|Any CPU.Build.0 = Debug|Any CPU
		{005F93EA-2241-490A-9636-7C0F9A09CE4A}.Release|Any CPU.ActiveCfg = Release|Any CPU
		{005F93EA-2241-490A-9636-7C0F9A09CE4A}.Release|Any CPU.Build.0 = Release|Any CPU
	EndGlobalSection
	GlobalSection(SolutionProperties) = preSolution
		HideSolutionNode = FALSE
	EndGlobalSection
	GlobalSection(ExtensibilityGlobals) = postSolution
		SolutionGuid = {7778011D-A3E4-4B16-958C-B99A01237543}
	EndGlobalSection
EndGlobal
